
Microsoft Visual Studio Solution File, Format Version 12.00
Project("{FAE04EC0-301F-11D3-BF4B-00C04F79EFBC}") = "Feramor.CanliDoviz.TestConsole", "Feramor.CanliDoviz.TestConsole\Feramor.CanliDoviz.TestConsole.csproj", "{C9325162-4A9B-4713-9F25-64AFEE4CFD4B}"
EndProject
Project("{FAE04EC0-301F-11D3-BF4B-00C04F79EFBC}") = "Feramor.CanliDoviz", "..\Feramor.CanliDoviz\Feramor.CanliDoviz\Feramor.CanliDoviz.csproj", "{5CA5C80C-E011-440E-AC32-C2B9EDF4F04B}"
EndProject
Global
	GlobalSection(SolutionConfigurationPlatforms) = preSolution
		Debug|Any CPU = Debug|Any CPU
		Release|Any CPU = Release|Any CPU
	EndGlobalSection
	GlobalSection(ProjectConfigurationPlatforms) = postSolution
		{C9325162-4A9B-4713-9F25-64AFEE4CFD4B}.Debug|Any CPU.ActiveCfg = Debug|Any CPU
		{C9325162-4A9B-4713-9F25-64AFEE4CFD4B}.Debug|Any CPU.Build.0 = Debug|Any CPU
		{C9325162-4A9B-4713-9F25-64AFEE4CFD4B}.Release|Any CPU.ActiveCfg = Release|Any CPU
		{C9325162-4A9B-4713-9F25-64AFEE4CFD4B}.Release|Any CPU.Build.0 = Release|Any CPU
		{5CA5C80C-E011-440E-AC32-C2B9EDF4F04B}.Debug|Any CPU.ActiveCfg = Debug|Any CPU
		{5CA5C80C-E011-440E-AC32-C2B9EDF4F04B}.Debug|Any CPU.Build.0 = Debug|Any CPU
		{5CA5C80C-E011-440E-AC32-C2B9EDF4F04B}.Release|Any CPU.ActiveCfg = Release|Any CPU
		{5CA5C80C-E011-440E-AC32-C2B9EDF4F04B}.Release|Any CPU.Build.0 = Release|Any CPU
	EndGlobalSection
EndGlobal
